
Microsoft Visual Studio Solution File, Format Version 12.00
# Visual Studio Version 16
VisualStudioVersion = 16.0.31205.134
MinimumVisualStudioVersion = 10.0.40219.1
Project("{FAE04EC0-301F-11D3-BF4B-00C04F79EFBC}") = "saonGroup.UI", "saonGroup.UI\saonGroup.UI.csproj", "{3DFEC0CA-3FD8-4E9A-90B7-085863EC24C9}"
EndProject
Global
	GlobalSection(SolutionConfigurationPlatforms) = preSolution
		Debug|Any CPU = Debug|Any CPU
		Release|Any CPU = Release|Any CPU
	EndGlobalSection
	GlobalSection(ProjectConfigurationPlatforms) = postSolution
		{3DFEC0CA-3FD8-4E9A-90B7-085863EC24C9}.Debug|Any CPU.ActiveCfg = Debug|Any CPU
		{3DFEC0CA-3FD8-4E9A-90B7-085863EC24C9}.Debug|Any CPU.Build.0 = Debug|Any CPU
		{3DFEC0CA-3FD8-4E9A-90B7-085863EC24C9}.Release|Any CPU.ActiveCfg = Release|Any CPU
		{3DFEC0CA-3FD8-4E9A-90B7-085863EC24C9}.Release|Any CPU.Build.0 = Release|Any CPU
	EndGlobalSection
	GlobalSection(SolutionProperties) = preSolution
		HideSolutionNode = FALSE
	EndGlobalSection
	GlobalSection(ExtensibilityGlobals) = postSolution
		SolutionGuid = {C0A064DA-60B3-4128-8E5E-F8A2A86D26BF}
	EndGlobalSection
EndGlobal
